
Microsoft Visual Studio Solution File, Format Version 12.00
# Visual Studio 14
VisualStudioVersion = 14.0.23107.0
MinimumVisualStudioVersion = 10.0.40219.1
Project("{FAE04EC0-301F-11D3-BF4B-00C04F79EFBC}") = "Lab2.Service", "Lab2.Service\Lab2.Service.csproj", "{FA532A1A-09F6-4153-8955-35098954828F}"
EndProject
Global
	GlobalSection(SolutionConfigurationPlatforms) = preSolution
		Debug|Any CPU = Debug|Any CPU
		Release|Any CPU = Release|Any CPU
	EndGlobalSection
	GlobalSection(ProjectConfigurationPlatforms) = postSolution
		{FA532A1A-09F6-4153-8955-35098954828F}.Debug|Any CPU.ActiveCfg = Debug|Any CPU
		{FA532A1A-09F6-4153-8955-35098954828F}.Debug|Any CPU.Build.0 = Debug|Any CPU
		{FA532A1A-09F6-4153-8955-35098954828F}.Release|Any CPU.ActiveCfg = Release|Any CPU
		{FA532A1A-09F6-4153-8955-35098954828F}.Release|Any CPU.Build.0 = Release|Any CPU
	EndGlobalSection
	GlobalSection(SolutionProperties) = preSolution
		HideSolutionNode = FALSE
	EndGlobalSection
EndGlobal
